
Microsoft Visual Studio Solution File, Format Version 12.00
# Visual Studio 15
VisualStudioVersion = 15.0.26228.9
MinimumVisualStudioVersion = 10.0.40219.1
Project("{FAE04EC0-301F-11D3-BF4B-00C04F79EFBC}") = "Commands", "Commands\Commands.csproj", "{F831E8CD-DA1B-4555-9609-DBB19794FCD9}"
EndProject
Project("{FAE04EC0-301F-11D3-BF4B-00C04F79EFBC}") = "Commands.Tests", "Commands.Tests\Commands.Tests.csproj", "{556FB940-6771-484E-8B48-C8A44E2E1263}"
EndProject
Project("{2150E333-8FDC-42A3-9474-1A3956D46DE8}") = "Solution Items", "Solution Items", "{B603C224-D3E7-4651-BE3F-BF9D13ED4967}"
	ProjectSection(SolutionItems) = preProject
		LICENSE.txt = LICENSE.txt
	EndProjectSection
EndProject
Global
	GlobalSection(SolutionConfigurationPlatforms) = preSolution
		Debug|Any CPU = Debug|Any CPU
		Release|Any CPU = Release|Any CPU
	EndGlobalSection
	GlobalSection(ProjectConfigurationPlatforms) = postSolution
		{F831E8CD-DA1B-4555-9609-DBB19794FCD9}.Debug|Any CPU.ActiveCfg = Debug|Any CPU
		{F831E8CD-DA1B-4555-9609-DBB19794FCD9}.Debug|Any CPU.Build.0 = Debug|Any CPU
		{F831E8CD-DA1B-4555-9609-DBB19794FCD9}.Release|Any CPU.ActiveCfg = Release|Any CPU
		{F831E8CD-DA1B-4555-9609-DBB19794FCD9}.Release|Any CPU.Build.0 = Release|Any CPU
		{556FB940-6771-484E-8B48-C8A44E2E1263}.Debug|Any CPU.ActiveCfg = Debug|Any CPU
		{556FB940-6771-484E-8B48-C8A44E2E1263}.Debug|Any CPU.Build.0 = Debug|Any CPU
		{556FB940-6771-484E-8B48-C8A44E2E1263}.Release|Any CPU.ActiveCfg = Release|Any CPU
		{556FB940-6771-484E-8B48-C8A44E2E1263}.Release|Any CPU.Build.0 = Release|Any CPU
	EndGlobalSection
	GlobalSection(SolutionProperties) = preSolution
		HideSolutionNode = FALSE
	EndGlobalSection
EndGlobal
